// !$*UTF8*$!
{
	archiveVersion = 1;
	classes = {
	};
	objectVersion = 50;
	objects = {

/* Begin PBXBuildFile section */
		FA61080C20B7323C009F87FD /* AppDelegate.m in Sources */ = {isa = PBXBuildFile; fileRef = FA61080B20B7323C009F87FD /* AppDelegate.m */; };
		FA61080F20B7323C009F87FD /* ViewController.m in Sources */ = {isa = PBXBuildFile; fileRef = FA61080E20B7323C009F87FD /* ViewController.m */; };
		FA61081220B7323C009F87FD /* Main.storyboard in Resources */ = {isa = PBXBuildFile; fileRef = FA61081020B7323C009F87FD /* Main.storyboard */; };
		FA61081420B73244009F87FD /* Assets.xcassets in Resources */ = {isa = PBXBuildFile; fileRef = FA61081320B73244009F87FD /* Assets.xcassets */; };
		FA61081720B73244009F87FD /* LaunchScreen.storyboard in Resources */ = {isa = PBXBuildFile; fileRef = FA61081520B73244009F87FD /* LaunchScreen.storyboard */; };
		FA61081A20B73244009F87FD /* main.m in Sources */ = {isa = PBXBuildFile; fileRef = FA61081920B73244009F87FD /* main.m */; };
		FA61082420B73244009F87FD /* SampleTests.m in Sources */ = {isa = PBXBuildFile; fileRef = FA61082320B73244009F87FD /* SampleTests.m */; };
		FA61082F20B73244009F87FD /* SampleUITests.m in Sources */ = {isa = PBXBuildFile; fileRef = FA61082E20B73244009F87FD /* SampleUITests.m */; };
/* End PBXBuildFile section */

/* Begin PBXContainerItemProxy section */
		FA61082020B73244009F87FD /* PBXContainerItemProxy */ = {
			isa = PBXContainerItemProxy;
			containerPortal = FA6107FF20B7323C009F87FD /* Project object */;
			proxyType = 1;
			remoteGlobalIDString = FA61080620B7323C009F87FD;
			remoteInfo = Sample;
		};
		FA61082B20B73244009F87FD /* PBXContainerItemProxy */ = {
			isa = PBXContainerItemProxy;
			containerPortal = FA6107FF20B7323C009F87FD /* Project object */;
			proxyType = 1;
			remoteGlobalIDString = FA61080620B7323C009F87FD;
			remoteInfo = Sample;
		};
/* End PBXContainerItemProxy section */

/* Begin PBXFileReference section */
		FA61080720B7323C009F87FD /* Sample.app */ = {isa = PBXFileReference; explicitFileType = wrapper.application; includeInIndex = 0; path = Sample.app; sourceTree = BUILT_PRODUCTS_DIR; };
		FA61080A20B7323C009F87FD /* AppDelegate.h */ = {isa = PBXFileReference; lastKnownFileType = sourcecode.c.h; path = AppDelegate.h; sourceTree = "<group>"; };
		FA61080B20B7323C009F87FD /* AppDelegate.m */ = {isa = PBXFileReference; lastKnownFileType = sourcecode.c.objc; path = AppDelegate.m; sourceTree = "<group>"; };
		FA61080D20B7323C009F87FD /* ViewController.h */ = {isa = PBXFileReference; lastKnownFileType = sourcecode.c.h; path = ViewController.h; sourceTree = "<group>"; };
		FA61080E20B7323C009F87FD /* ViewController.m */ = {isa = PBXFileReference; lastKnownFileType = sourcecode.c.objc; path = ViewController.m; sourceTree = "<group>"; };
		FA61081120B7323C009F87FD /* Base */ = {isa = PBXFileReference; lastKnownFileType = file.storyboard; name = Base; path = Base.lproj/Main.storyboard; sourceTree = "<group>"; };
		FA61081320B73244009F87FD /* Assets.xcassets */ = {isa = PBXFileReference; lastKnownFileType = folder.assetcatalog; path = Assets.xcassets; sourceTree = "<group>"; };
		FA61081620B73244009F87FD /* Base */ = {isa = PBXFileReference; lastKnownFileType = file.storyboard; name = Base; path = Base.lproj/LaunchScreen.storyboard; sourceTree = "<group>"; };
		FA61081820B73244009F87FD /* Info.plist */ = {isa = PBXFileReference; lastKnownFileType = text.plist.xml; path = Info.plist; sourceTree = "<group>"; };
		FA61081920B73244009F87FD /* main.m */ = {isa = PBXFileReference; lastKnownFileType = sourcecode.c.objc; path = main.m; sourceTree = "<group>"; };
		FA61081F20B73244009F87FD /* SampleTests.xctest */ = {isa = PBXFileReference; explicitFileType = wrapper.cfbundle; includeInIndex = 0; path = SampleTests.xctest; sourceTree = BUILT_PRODUCTS_DIR; };
		FA61082320B73244009F87FD /* SampleTests.m */ = {isa = PBXFileReference; lastKnownFileType = sourcecode.c.objc; path = SampleTests.m; sourceTree = "<group>"; };
		FA61082520B73244009F87FD /* Info.plist */ = {isa = PBXFileReference; lastKnownFileType = text.plist.xml; path = Info.plist; sourceTree = "<group>"; };
		FA61082A20B73244009F87FD /* SampleUITests.xctest */ = {isa = PBXFileReference; explicitFileType = wrapper.cfbundle; includeInIndex = 0; path = SampleUITests.xctest; sourceTree = BUILT_PRODUCTS_DIR; };
		FA61082E20B73244009F87FD /* SampleUITests.m */ = {isa = PBXFileReference; lastKnownFileType = sourcecode.c.objc; path = SampleUITests.m; sourceTree = "<group>"; };
		FA61083020B73244009F87FD /* Info.plist */ = {isa = PBXFileReference; lastKnownFileType = text.plist.xml; path = Info.plist; sourceTree = "<group>"; };
/* End PBXFileReference section */

/* Begin PBXFrameworksBuildPhase section */
		FA61080420B7323C009F87FD /* Frameworks */ = {
			isa = PBXFrameworksBuildPhase;
			buildActionMask = 2147483647;
			files = (
			);
			runOnlyForDeploymentPostprocessing = 0;
		};
		FA61081C20B73244009F87FD /* Frameworks */ = {
			isa = PBXFrameworksBuildPhase;
			buildActionMask = 2147483647;
			files = (
			);
			runOnlyForDeploymentPostprocessing = 0;
		};
		FA61082720B73244009F87FD /* Frameworks */ = {
			isa = PBXFrameworksBuildPhase;
			buildActionMask = 2147483647;
			files = (
			);
			runOnlyForDeploymentPostprocessing = 0;
		};
/* End PBXFrameworksBuildPhase section */

/* Begin PBXGroup section */
		FA6107FE20B7323C009F87FD = {
			isa = PBXGroup;
			children = (
				FA61080920B7323C009F87FD /* Sample */,
				FA61082220B73244009F87FD /* SampleTests */,
				FA61082D20B73244009F87FD /* SampleUITests */,
				FA61080820B7323C009F87FD /* Products */,
			);
			sourceTree = "<group>";
		};
		FA61080820B7323C009F87FD /* Products */ = {
			isa = PBXGroup;
			children = (
				FA61080720B7323C009F87FD /* Sample.app */,
				FA61081F20B73244009F87FD /* SampleTests.xctest */,
				FA61082A20B73244009F87FD /* SampleUITests.xctest */,
			);
			name = Products;
			sourceTree = "<group>";
		};
		FA61080920B7323C009F87FD /* Sample */ = {
			isa = PBXGroup;
			children = (
				FA61080A20B7323C009F87FD /* AppDelegate.h */,
				FA61080B20B7323C009F87FD /* AppDelegate.m */,
				FA61080D20B7323C009F87FD /* ViewController.h */,
				FA61080E20B7323C009F87FD /* ViewController.m */,
				FA61081020B7323C009F87FD /* Main.storyboard */,
				FA61081320B73244009F87FD /* Assets.xcassets */,
				FA61081520B73244009F87FD /* LaunchScreen.storyboard */,
				FA61081820B73244009F87FD /* Info.plist */,
				FA61081920B73244009F87FD /* main.m */,
			);
			path = Sample;
			sourceTree = "<group>";
		};
		FA61082220B73244009F87FD /* SampleTests */ = {
			isa = PBXGroup;
			children = (
				FA61082320B73244009F87FD /* SampleTests.m */,
				FA61082520B73244009F87FD /* Info.plist */,
			);
			path = SampleTests;
			sourceTree = "<group>";
		};
		FA61082D20B73244009F87FD /* SampleUITests */ = {
			isa = PBXGroup;
			children = (
				FA61082E20B73244009F87FD /* SampleUITests.m */,
				FA61083020B73244009F87FD /* Info.plist */,
			);
			path = SampleUITests;
			sourceTree = "<group>";
		};
/* End PBXGroup section */

/* Begin PBXNativeTarget section */
		FA61080620B7323C009F87FD /* Sample */ = {
			isa = PBXNativeTarget;
			buildConfigurationList = FA61083320B73244009F87FD /* Build configuration list for PBXNativeTarget "Sample" */;
			buildPhases = (
				FA61080320B7323C009F87FD /* Sources */,
				FA61080420B7323C009F87FD /* Frameworks */,
				FA61080520B7323C009F87FD /* Resources */,
			);
			buildRules = (
			);
			dependencies = (
			);
			name = Sample;
			productName = Sample;
			productReference = FA61080720B7323C009F87FD /* Sample.app */;
			productType = "com.apple.product-type.application";
		};
		FA61081E20B73244009F87FD /* SampleTests */ = {
			isa = PBXNativeTarget;
			buildConfigurationList = FA61083620B73244009F87FD /* Build configuration list for PBXNativeTarget "SampleTests" */;
			buildPhases = (
				FA61081B20B73244009F87FD /* Sources */,
				FA61081C20B73244009F87FD /* Frameworks */,
				FA61081D20B73244009F87FD /* Resources */,
			);
			buildRules = (
			);
			dependencies = (
				FA61082120B73244009F87FD /* PBXTargetDependency */,
			);
			name = SampleTests;
			productName = SampleTests;
			productReference = FA61081F20B73244009F87FD /* SampleTests.xctest */;
			productType = "com.apple.product-type.bundle.unit-test";
		};
		FA61082920B73244009F87FD /* SampleUITests */ = {
			isa = PBXNativeTarget;
			buildConfigurationList = FA61083920B73244009F87FD /* Build configuration list for PBXNativeTarget "SampleUITests" */;
			buildPhases = (
				FA61082620B73244009F87FD /* Sources */,
				FA61082720B73244009F87FD /* Frameworks */,
				FA61082820B73244009F87FD /* Resources */,
			);
			buildRules = (
			);
			dependencies = (
				FA61082C20B73244009F87FD /* PBXTargetDependency */,
			);
			name = SampleUITests;
			productName = SampleUITests;
			productReference = FA61082A20B73244009F87FD /* SampleUITests.xctest */;
			productType = "com.apple.product-type.bundle.ui-testing";
		};
/* End PBXNativeTarget section */

/* Begin PBXProject section */
		FA6107FF20B7323C009F87FD /* Project object */ = {
			isa = PBXProject;
			attributes = {
				LastUpgradeCheck = 0930;
				ORGANIZATIONNAME = MacBook;
				TargetAttributes = {
					FA61080620B7323C009F87FD = {
						CreatedOnToolsVersion = 9.3.1;
					};
					FA61081E20B73244009F87FD = {
						CreatedOnToolsVersion = 9.3.1;
						TestTargetID = FA61080620B7323C009F87FD;
					};
					FA61082920B73244009F87FD = {
						CreatedOnToolsVersion = 9.3.1;
						TestTargetID = FA61080620B7323C009F87FD;
					};
				};
			};
			buildConfigurationList = FA61080220B7323C009F87FD /* Build configuration list for PBXProject "Sample" */;
			compatibilityVersion = "Xcode 9.3";
			developmentRegion = en;
			hasScannedForEncodings = 0;
			knownRegions = (
				en,
				Base,
			);
			mainGroup = FA6107FE20B7323C009F87FD;
			productRefGroup = FA61080820B7323C009F87FD /* Products */;
			projectDirPath = "";
			projectRoot = "";
			targets = (
				FA61080620B7323C009F87FD /* Sample */,
				FA61081E20B73244009F87FD /* SampleTests */,
				FA61082920B73244009F87FD /* SampleUITests */,
			);
		};
/* End PBXProject section */

/* Begin PBXResourcesBuildPhase section */
		FA61080520B7323C009F87FD /* Resources */ = {
			isa = PBXResourcesBuildPhase;
			buildActionMask = 2147483647;
			files = (
				FA61081720B73244009F87FD /* LaunchScreen.storyboard in Resources */,
				FA61081420B73244009F87FD /* Assets.xcassets in Resources */,
				FA61081220B7323C009F87FD /* Main.storyboard in Resources */,
			);
			runOnlyForDeploymentPostprocessing = 0;
		};
		FA61081D20B73244009F87FD /* Resources */ = {
			isa = PBXResourcesBuildPhase;
			buildActionMask = 2147483647;
			files = (
			);
			runOnlyForDeploymentPostprocessing = 0;
		};
		FA61082820B73244009F87FD /* Resources */ = {
			isa = PBXResourcesBuildPhase;
			buildActionMask = 2147483647;
			files = (
			);
			runOnlyForDeploymentPostprocessing = 0;
		};
/* End PBXResourcesBuildPhase section */

/* Begin PBXSourcesBuildPhase section */
		FA61080320B7323C009F87FD /* Sources */ = {
			isa = PBXSourcesBuildPhase;
			buildActionMask = 2147483647;
			files = (
				FA61080F20B7323C009F87FD /* ViewController.m in Sources */,
				FA61081A20B73244009F87FD /* main.m in Sources */,
				FA61080C20B7323C009F87FD /* AppDelegate.m in Sources */,
			);
			runOnlyForDeploymentPostprocessing = 0;
		};
		FA61081B20B73244009F87FD /* Sources */ = {
			isa = PBXSourcesBuildPhase;
			buildActionMask = 2147483647;
			files = (
				FA61082420B73244009F87FD /* SampleTests.m in Sources */,
			);
			runOnlyForDeploymentPostprocessing = 0;
		};
		FA61082620B73244009F87FD /* Sources */ = {
			isa = PBXSourcesBuildPhase;
			buildActionMask = 2147483647;
			files = (
				FA61082F20B73244009F87FD /* SampleUITests.m in Sources */,
			);
			runOnlyForDeploymentPostprocessing = 0;
		};
/* End PBXSourcesBuildPhase section */

/* Begin PBXTargetDependency section */
		FA61082120B73244009F87FD /* PBXTargetDependency */ = {
			isa = PBXTargetDependency;
			target = FA61080620B7323C009F87FD /* Sample */;
			targetProxy = FA61082020B73244009F87FD /* PBXContainerItemProxy */;
		};
		FA61082C20B73244009F87FD /* PBXTargetDependency */ = {
			isa = PBXTargetDependency;
			target = FA61080620B7323C009F87FD /* Sample */;
			targetProxy = FA61082B20B73244009F87FD /* PBXContainerItemProxy */;
		};
/* End PBXTargetDependency section */

/* Begin PBXVariantGroup section */
		FA61081020B7323C009F87FD /* Main.storyboard */ = {
			isa = PBXVariantGroup;
			children = (
				FA61081120B7323C009F87FD /* Base */,
			);
			name = Main.storyboard;
			sourceTree = "<group>";
		};
		FA61081520B73244009F87FD /* LaunchScreen.storyboard */ = {
			isa = PBXVariantGroup;
			children = (
				FA61081620B73244009F87FD /* Base */,
			);
			name = LaunchScreen.storyboard;
			sourceTree = "<group>";
		};
/* End PBXVariantGroup section */

/* Begin XCBuildConfiguration section */
		FA61083120B73244009F87FD /* Debug */ = {
			isa = XCBuildConfiguration;
			buildSettings = {
				ALWAYS_SEARCH_USER_PATHS = NO;
				CLANG_ANALYZER_NONNULL = YES;
				CLANG_ANALYZER_NUMBER_OBJECT_CONVERSION = YES_AGGRESSIVE;
				CLANG_CXX_LANGUAGE_STANDARD = "gnu++14";
				CLANG_CXX_LIBRARY = "libc++";
				CLANG_ENABLE_MODULES = YES;
				CLANG_ENABLE_OBJC_ARC = YES;
				CLANG_ENABLE_OBJC_WEAK = YES;
				CLANG_WARN_BLOCK_CAPTURE_AUTORELEASING = YES;
				CLANG_WARN_BOOL_CONVERSION = YES;
				CLANG_WARN_COMMA = YES;
				CLANG_WARN_CONSTANT_CONVERSION = YES;
				CLANG_WARN_DEPRECATED_OBJC_IMPLEMENTATIONS = YES;
				CLANG_WARN_DIRECT_OBJC_ISA_USAGE = YES_ERROR;
				CLANG_WARN_DOCUMENTATION_COMMENTS = YES;
				CLANG_WARN_EMPTY_BODY = YES;
				CLANG_WARN_ENUM_CONVERSION = YES;
				CLANG_WARN_INFINITE_RECURSION = YES;
				CLANG_WARN_INT_CONVERSION = YES;
				CLANG_WARN_NON_LITERAL_NULL_CONVERSION = YES;
				CLANG_WARN_OBJC_IMPLICIT_RETAIN_SELF = YES;
				CLANG_WARN_OBJC_LITERAL_CONVERSION = YES;
				CLANG_WARN_OBJC_ROOT_CLASS = YES_ERROR;
				CLANG_WARN_RANGE_LOOP_ANALYSIS = YES;
				CLANG_WARN_STRICT_PROTOTYPES = YES;
				CLANG_WARN_SUSPICIOUS_MOVE = YES;
				CLANG_WARN_UNGUARDED_AVAILABILITY = YES_AGGRESSIVE;
				CLANG_WARN_UNREACHABLE_CODE = YES;
				CLANG_WARN__DUPLICATE_METHOD_MATCH = YES;
				CODE_SIGN_IDENTITY = "iPhone Developer";
				COPY_PHASE_STRIP = NO;
				DEBUG_INFORMATION_FORMAT = dwarf;
				ENABLE_STRICT_OBJC_MSGSEND = YES;
				ENABLE_TESTABILITY = YES;
				GCC_C_LANGUAGE_STANDARD = gnu11;
				GCC_DYNAMIC_NO_PIC = NO;
				GCC_NO_COMMON_BLOCKS = YES;
				GCC_OPTIMIZATION_LEVEL = 0;
				GCC_PREPROCESSOR_DEFINITIONS = (
					"DEBUG=1",
					"$(inherited)",
				);
				GCC_WARN_64_TO_32_BIT_CONVERSION = YES;
				GCC_WARN_ABOUT_RETURN_TYPE = YES_ERROR;
				GCC_WARN_UNDECLARED_SELECTOR = YES;
				GCC_WARN_UNINITIALIZED_AUTOS = YES_AGGRESSIVE;
				GCC_WARN_UNUSED_FUNCTION = YES;
				GCC_WARN_UNUSED_VARIABLE = YES;
				IPHONEOS_DEPLOYMENT_TARGET = 11.3;
				MTL_ENABLE_DEBUG_INFO = YES;
				ONLY_ACTIVE_ARCH = YES;
				SDKROOT = iphoneos;
			};
			name = Debug;
		};
		FA61083220B73244009F87FD /* Release */ = {
			isa = XCBuildConfiguration;
			buildSettings = {
				ALWAYS_SEARCH_USER_PATHS = NO;
				CLANG_ANALYZER_NONNULL = YES;
				CLANG_ANALYZER_NUMBER_OBJECT_CONVERSION = YES_AGGRESSIVE;
				CLANG_CXX_LANGUAGE_STANDARD = "gnu++14";
				CLANG_CXX_LIBRARY = "libc++";
				CLANG_ENABLE_MODULES = YES;
				CLANG_ENABLE_OBJC_ARC = YES;
				CLANG_ENABLE_OBJC_WEAK = YES;
				CLANG_WARN_BLOCK_CAPTURE_AUTORELEASING = YES;
				CLANG_WARN_BOOL_CONVERSION = YES;
				CLANG_WARN_COMMA = YES;
				CLANG_WARN_CONSTANT_CONVERSION = YES;
				CLANG_WARN_DEPRECATED_OBJC_IMPLEMENTATIONS = YES;
				CLANG_WARN_DIRECT_OBJC_ISA_USAGE = YES_ERROR;
				CLANG_WARN_DOCUMENTATION_COMMENTS = YES;
				CLANG_WARN_EMPTY_BODY = YES;
				CLANG_WARN_ENUM_CONVERSION = YES;
				CLANG_WARN_INFINITE_RECURSION = YES;
				CLANG_WARN_INT_CONVERSION = YES;
				CLANG_WARN_NON_LITERAL_NULL_CONVERSION = YES;
				CLANG_WARN_OBJC_IMPLICIT_RETAIN_SELF = YES;
				CLANG_WARN_OBJC_LITERAL_CONVERSION = YES;
				CLANG_WARN_OBJC_ROOT_CLASS = YES_ERROR;
				CLANG_WARN_RANGE_LOOP_ANALYSIS = YES;
				CLANG_WARN_STRICT_PROTOTYPES = YES;
				CLANG_WARN_SUSPICIOUS_MOVE = YES;
				CLANG_WARN_UNGUARDED_AVAILABILITY = YES_AGGRESSIVE;
				CLANG_WARN_UNREACHABLE_CODE = YES;
				CLANG_WARN__DUPLICATE_METHOD_MATCH = YES;
				CODE_SIGN_IDENTITY = "iPhone Developer";
				COPY_PHASE_STRIP = NO;
				DEBUG_INFORMATION_FORMAT = "dwarf-with-dsym";
				ENABLE_NS_ASSERTIONS = NO;
				ENABLE_STRICT_OBJC_MSGSEND = YES;
				GCC_C_LANGUAGE_STANDARD = gnu11;
				GCC_NO_COMMON_BLOCKS = YES;
				GCC_WARN_64_TO_32_BIT_CONVERSION = YES;
				GCC_WARN_ABOUT_RETURN_TYPE = YES_ERROR;
				GCC_WARN_UNDECLARED_SELECTOR = YES;
				GCC_WARN_UNINITIALIZED_AUTOS = YES_AGGRESSIVE;
				GCC_WARN_UNUSED_FUNCTION = YES;
				GCC_WARN_UNUSED_VARIABLE = YES;
				IPHONEOS_DEPLOYMENT_TARGET = 11.3;
				MTL_ENABLE_DEBUG_INFO = NO;
				SDKROOT = iphoneos;
				VALIDATE_PRODUCT = YES;
			};
			name = Release;
		};
		FA61083420B73244009F87FD /* Debug */ = {
			isa = XCBuildConfiguration;
			buildSettings = {
				ASSETCATALOG_COMPILER_APPICON_NAME = AppIcon;
				CODE_SIGN_STYLE = Automatic;
				INFOPLIST_FILE = Sample/Info.plist;
				LD_RUNPATH_SEARCH_PATHS = (
					"$(inherited)",
					"@executable_path/Frameworks",
				);
				PRODUCT_BUNDLE_IDENTIFIER = iGrandItSolution.Sample;
				PRODUCT_NAME = "$(TARGET_NAME)";
				TARGETED_DEVICE_FAMILY = "1,2";
			};
			name = Debug;
		};
		FA61083520B73244009F87FD /* Release */ = {
			isa = XCBuildConfiguration;
			buildSettings = {
				ASSETCATALOG_COMPILER_APPICON_NAME = AppIcon;
				CODE_SIGN_STYLE = Automatic;
				INFOPLIST_FILE = Sample/Info.plist;
				LD_RUNPATH_SEARCH_PATHS = (
					"$(inherited)",
					"@executable_path/Frameworks",
				);
				PRODUCT_BUNDLE_IDENTIFIER = iGrandItSolution.Sample;
				PRODUCT_NAME = "$(TARGET_NAME)";
				TARGETED_DEVICE_FAMILY = "1,2";
			};
			name = Release;
		};
		FA61083720B73244009F87FD /* Debug */ = {
			isa = XCBuildConfiguration;
			buildSettings = {
				BUNDLE_LOADER = "$(TEST_HOST)";
				CODE_SIGN_STYLE = Automatic;
				INFOPLIST_FILE = SampleTests/Info.plist;
				LD_RUNPATH_SEARCH_PATHS = (
					"$(inherited)",
					"@executable_path/Frameworks",
					"@loader_path/Frameworks",
				);
				PRODUCT_BUNDLE_IDENTIFIER = iGrandItSolution.SampleTests;
				PRODUCT_NAME = "$(TARGET_NAME)";
				TARGETED_DEVICE_FAMILY = "1,2";
				TEST_HOST = "$(BUILT_PRODUCTS_DIR)/Sample.app/Sample";
			};
			name = Debug;
		};
		FA61083820B73244009F87FD /* Release */ = {
			isa = XCBuildConfiguration;
			buildSettings = {
				BUNDLE_LOADER = "$(TEST_HOST)";
				CODE_SIGN_STYLE = Automatic;
				INFOPLIST_FILE = SampleTests/Info.plist;
				LD_RUNPATH_SEARCH_PATHS = (
					"$(inherited)",
					"@executable_path/Frameworks",
					"@loader_path/Frameworks",
				);
				PRODUCT_BUNDLE_IDENTIFIER = iGrandItSolution.SampleTests;
				PRODUCT_NAME = "$(TARGET_NAME)";
				TARGETED_DEVICE_FAMILY = "1,2";
				TEST_HOST = "$(BUILT_PRODUCTS_DIR)/Sample.app/Sample";
			};
			name = Release;
		};
		FA61083A20B73244009F87FD /* Debug */ = {
			isa = XCBuildConfiguration;
			buildSettings = {
				CODE_SIGN_STYLE = Automatic;
				INFOPLIST_FILE = SampleUITests/Info.plist;
				LD_RUNPATH_SEARCH_PATHS = (
					"$(inherited)",
					"@executable_path/Frameworks",
					"@loader_path/Frameworks",
				);
				PRODUCT_BUNDLE_IDENTIFIER = iGrandItSolution.SampleUITests;
				PRODUCT_NAME = "$(TARGET_NAME)";
				TARGETED_DEVICE_FAMILY = "1,2";
				TEST_TARGET_NAME = Sample;
			};
			name = Debug;
		};
		FA61083B20B73244009F87FD /* Release */ = {
			isa = XCBuildConfiguration;
			buildSettings = {
				CODE_SIGN_STYLE = Automatic;
				INFOPLIST_FILE = SampleUITests/Info.plist;
				LD_RUNPATH_SEARCH_PATHS = (
					"$(inherited)",
					"@executable_path/Frameworks",
					"@loader_path/Frameworks",
				);
				PRODUCT_BUNDLE_IDENTIFIER = iGrandItSolution.SampleUITests;
				PRODUCT_NAME = "$(TARGET_NAME)";
				TARGETED_DEVICE_FAMILY = "1,2";
				TEST_TARGET_NAME = Sample;
			};
			name = Release;
		};
/* End XCBuildConfiguration section */

/* Begin XCConfigurationList section */
		FA61080220B7323C009F87FD /* Build configuration list for PBXProject "Sample" */ = {
			isa = XCConfigurationList;
			buildConfigurations = (
				FA61083120B73244009F87FD /* Debug */,
				FA61083220B73244009F87FD /* Release */,
			);
			defaultConfigurationIsVisible = 0;
			defaultConfigurationName = Release;
		};
		FA61083320B73244009F87FD /* Build configuration list for PBXNativeTarget "Sample" */ = {
			isa = XCConfigurationList;
			buildConfigurations = (
				FA61083420B73244009F87FD /* Debug */,
				FA61083520B73244009F87FD /* Release */,
			);
			defaultConfigurationIsVisible = 0;
			defaultConfigurationName = Release;
		};
		FA61083620B73244009F87FD /* Build configuration list for PBXNativeTarget "SampleTests" */ = {
			isa = XCConfigurationList;
			buildConfigurations = (
				FA61083720B73244009F87FD /* Debug */,
				FA61083820B73244009F87FD /* Release */,
			);
			defaultConfigurationIsVisible = 0;
			defaultConfigurationName = Release;
		};
		FA61083920B73244009F87FD /* Build configuration list for PBXNativeTarget "SampleUITests" */ = {
			isa = XCConfigurationList;
			buildConfigurations = (
				FA61083A20B73244009F87FD /* Debug */,
				FA61083B20B73244009F87FD /* Release */,
			);
			defaultConfigurationIsVisible = 0;
			defaultConfigurationName = Release;
		};
/* End XCConfigurationList section */
	};
	rootObject = FA6107FF20B7323C009F87FD /* Project object */;
}
